{
    "_meta": {
        "hash": {
            "sha256": "76a444ad753de43141c452363e8e92ca513fb35d393e27f1c53ba03bd495f8dc"
        },
        "pipfile-spec": 6,
        "requires": {
            "python_version": "3.6"
        },
        "sources": [
            {
                "name": "pypi",
                "url": "https://pypi.org/simple",
                "verify_ssl": true
            }
        ]
    },
    "default": {
        "reedsolo": {
            "git": "https://github.com/lrq3000/reedsolomon.git",
            "ref": "c9ec28a6e900718cc55cd81f9ee3417e33ff0712"
        }
    },
    "develop": {}
}
